github.com/gorilla/websocket v1.5.0 h1:PPwGk2jz7EePpoHN/+ClbZu8SPxiqlu12wZP/3sWmnc=
github.com/gorilla/websocket v1.5.0/go.mod h1:YR8l580nyteQvAITg2hZ9XVh4b55+EU/adAjf1fMHhE=
github.com/nevercase/concurrent-map v1.0.0 h1:eVeWvCTwfylwQwmoKOWh4ZnrxSnxC7lj/msD1lDYBzE=
github.com/nevercase/concurrent-map v1.0.0/go.mod h1:wg7zLo8mawBTY5O+Fo3Yd8TRwVoEvBY/bfTfOD4/0dw=
